{
  "name": "ydb-qdrant-ui",
  "version": "1.0.0",
  "lockfileVersion": 3,
  "requires": true,
  "packages": {
    "": {
      "name": "ydb-qdrant-ui",
      "version": "1.0.0",
      "license": "ISC",
      "devDependencies": {
        "node-plantuml-latest": "^2.4.0"
      }
    },
    "node_modules/commander": {
      "version": "2.20.3",
      "resolved": "https://registry.npmjs.org/commander/-/commander-2.20.3.tgz",
      "integrity": "sha512-GpVkmM8vF2vQUkj2LvZmD35JxeJOLCwJ9cUkugyk2nuhbv3+mJvpLYYt+0+USMxE+oj+ey/lJEnhZw75x/OMcQ==",
      "dev": true,
      "license": "MIT"
    },
    "node_modules/node-plantuml-latest": {
      "version": "2.4.0",
      "resolved": "https://registry.npmjs.org/node-plantuml-latest/-/node-plantuml-latest-2.4.0.tgz",
      "integrity": "sha512-EynKBVwx7XGK4EZCymZPfoC3gXl7Lm9jvN0+GuXw7/0KcaQw/NxS3j3IqokMn1mALlW1TyjE0wmShkTC1/jJIg==",
      "dev": true,
      "license": "MIT",
      "dependencies": {
        "commander": "^2.8.1",
        "plantuml-encoder": "^1.2.5"
      },
      "bin": {
        "puml": "index.js"
      },
      "engines": {
        "node": ">= 6.x"
      }
    },
    "node_modules/plantuml-encoder": {
      "version": "1.4.0",
      "resolved": "https://registry.npmjs.org/plantuml-encoder/-/plantuml-encoder-1.4.0.tgz",
      "integrity": "sha512-sxMwpDw/ySY1WB2CE3+IdMuEcWibJ72DDOsXLkSmEaSzwEUaYBT6DWgOfBiHGCux4q433X6+OEFWjlVqp7gL6g==",
      "dev": true,
      "license": "MIT"
    }
  }
}
